{
  "name": "anotei-pra-voce",
  "lockfileVersion": 3,
  "requires": true,
  "packages": {
    "": {
      "devDependencies": {
        "@11ty/eleventy-plugin-syntaxhighlight": "^5.0.0",
        "luxon": "^3.6.1",
        "slugify": "^1.6.6"
      }
    },
    "node_modules/@11ty/eleventy-plugin-syntaxhighlight": {
      "version": "5.0.0",
      "resolved": "https://registry.npmjs.org/@11ty/eleventy-plugin-syntaxhighlight/-/eleventy-plugin-syntaxhighlight-5.0.0.tgz",
      "integrity": "sha512-y9BUmP1GofmbJgxM1+ky/UpFCpD8JSOeLeKItUs0WApgnrHk9haHziW7lS86lbArX5SiCVo4zTTw9x53gvRCaA==",
      "dev": true,
      "license": "MIT",
      "dependencies": {
        "prismjs": "^1.29.0"
      },
      "funding": {
        "type": "opencollective",
        "url": "https://opencollective.com/11ty"
      }
    },
    "node_modules/luxon": {
      "version": "3.6.1",
      "resolved": "https://registry.npmjs.org/luxon/-/luxon-3.6.1.tgz",
      "integrity": "sha512-tJLxrKJhO2ukZ5z0gyjY1zPh3Rh88Ej9P7jNrZiHMUXHae1yvI2imgOZtL1TO8TW6biMMKfTtAOoEJANgtWBMQ==",
      "dev": true,
      "license": "MIT",
      "engines": {
        "node": ">=12"
      }
    },
    "node_modules/prismjs": {
      "version": "1.30.0",
      "resolved": "https://registry.npmjs.org/prismjs/-/prismjs-1.30.0.tgz",
      "integrity": "sha512-DEvV2ZF2r2/63V+tK8hQvrR2ZGn10srHbXviTlcv7Kpzw8jWiNTqbVgjO3IY8RxrrOUF8VPMQQFysYYYv0YZxw==",
      "dev": true,
      "license": "MIT",
      "engines": {
        "node": ">=6"
      }
    },
    "node_modules/slugify": {
      "version": "1.6.6",
      "resolved": "https://registry.npmjs.org/slugify/-/slugify-1.6.6.tgz",
      "integrity": "sha512-h+z7HKHYXj6wJU+AnS/+IH8Uh9fdcX1Lrhg1/VMdf9PwoBQXFcXiAdsy2tSK0P6gKwJLXp02r90ahUCqHk9rrw==",
      "dev": true,
      "license": "MIT",
      "engines": {
        "node": ">=8.0.0"
      }
    }
  }
}
